
Microsoft Visual Studio Solution File, Format Version 12.00
# Visual Studio Version 17
VisualStudioVersion = 17.6.33801.468
MinimumVisualStudioVersion = 10.0.40219.1
Project("{FAE04EC0-301F-11D3-BF4B-00C04F79EFBC}") = "TravellingSalesmanProblem", "TravellingSalesmanProblem.csproj", "{252AA565-7874-4F89-B4D1-65C5A985096D}"
EndProject
Global
	GlobalSection(SolutionConfigurationPlatforms) = preSolution
		Debug|Any CPU = Debug|Any CPU
		Release|Any CPU = Release|Any CPU
	EndGlobalSection
	GlobalSection(ProjectConfigurationPlatforms) = postSolution
		{252AA565-7874-4F89-B4D1-65C5A985096D}.Debug|Any CPU.ActiveCfg = Debug|Any CPU
		{252AA565-7874-4F89-B4D1-65C5A985096D}.Debug|Any CPU.Build.0 = Debug|Any CPU
		{252AA565-7874-4F89-B4D1-65C5A985096D}.Release|Any CPU.ActiveCfg = Release|Any CPU
		{252AA565-7874-4F89-B4D1-65C5A985096D}.Release|Any CPU.Build.0 = Release|Any CPU
	EndGlobalSection
	GlobalSection(SolutionProperties) = preSolution
		HideSolutionNode = FALSE
	EndGlobalSection
	GlobalSection(ExtensibilityGlobals) = postSolution
		SolutionGuid = {AD6A9C3F-06B1-4ABD-AB1E-5CA81D99A821}
	EndGlobalSection
EndGlobal
